
Microsoft Visual Studio Solution File, Format Version 12.00
# Visual Studio 15
VisualStudioVersion = 15.0.28307.1000
MinimumVisualStudioVersion = 10.0.40219.1
Project("{FAE04EC0-301F-11D3-BF4B-00C04F79EFBC}") = "HelloWorld.Android", "HelloWorld\HelloWorld.Android\HelloWorld.Android.csproj", "{B0E1CAC2-8103-4BCE-9E90-3F6B177E66CF}"
EndProject
Project("{FAE04EC0-301F-11D3-BF4B-00C04F79EFBC}") = "HelloWorld", "HelloWorld\HelloWorld\HelloWorld.csproj", "{623BAE53-06CA-4199-BE2F-458635D51739}"
EndProject
Global
	GlobalSection(SolutionConfigurationPlatforms) = preSolution
		Debug|Any CPU = Debug|Any CPU
		Release|Any CPU = Release|Any CPU
	EndGlobalSection
	GlobalSection(ProjectConfigurationPlatforms) = postSolution
		{B0E1CAC2-8103-4BCE-9E90-3F6B177E66CF}.Debug|Any CPU.ActiveCfg = Debug|Any CPU
		{B0E1CAC2-8103-4BCE-9E90-3F6B177E66CF}.Debug|Any CPU.Build.0 = Debug|Any CPU
		{B0E1CAC2-8103-4BCE-9E90-3F6B177E66CF}.Debug|Any CPU.Deploy.0 = Debug|Any CPU
		{B0E1CAC2-8103-4BCE-9E90-3F6B177E66CF}.Release|Any CPU.ActiveCfg = Release|Any CPU
		{B0E1CAC2-8103-4BCE-9E90-3F6B177E66CF}.Release|Any CPU.Build.0 = Release|Any CPU
		{B0E1CAC2-8103-4BCE-9E90-3F6B177E66CF}.Release|Any CPU.Deploy.0 = Release|Any CPU
		{623BAE53-06CA-4199-BE2F-458635D51739}.Debug|Any CPU.ActiveCfg = Debug|Any CPU
		{623BAE53-06CA-4199-BE2F-458635D51739}.Debug|Any CPU.Build.0 = Debug|Any CPU
		{623BAE53-06CA-4199-BE2F-458635D51739}.Debug|Any CPU.Deploy.0 = Debug|Any CPU
		{623BAE53-06CA-4199-BE2F-458635D51739}.Release|Any CPU.ActiveCfg = Release|Any CPU
		{623BAE53-06CA-4199-BE2F-458635D51739}.Release|Any CPU.Build.0 = Release|Any CPU
		{623BAE53-06CA-4199-BE2F-458635D51739}.Release|Any CPU.Deploy.0 = Release|Any CPU
	EndGlobalSection
	GlobalSection(SolutionProperties) = preSolution
		HideSolutionNode = FALSE
	EndGlobalSection
	GlobalSection(ExtensibilityGlobals) = postSolution
		SolutionGuid = {D705163D-5440-4408-815B-73C4A63A172E}
	EndGlobalSection
EndGlobal
